
Microsoft Visual Studio Solution File, Format Version 12.00
# Visual Studio Version 17
VisualStudioVersion = 17.1.32414.318
MinimumVisualStudioVersion = 10.0.40219.1
Project("{2150E333-8FDC-42A3-9474-1A3956D46DE8}") = "src", "src", "{4992F875-1370-40F2-B82F-15F8238E5CB3}"
EndProject
Project("{9A19103F-16F7-4668-BE54-9A1E7A4F7556}") = "SavePassword.API", "SavePassword.API\SavePassword.API.csproj", "{ABF6A1F7-E1E6-4F93-B217-A7898397D919}"
EndProject
Global
	GlobalSection(SolutionConfigurationPlatforms) = preSolution
		Debug|Any CPU = Debug|Any CPU
		Release|Any CPU = Release|Any CPU
	EndGlobalSection
	GlobalSection(ProjectConfigurationPlatforms) = postSolution
		{ABF6A1F7-E1E6-4F93-B217-A7898397D919}.Debug|Any CPU.ActiveCfg = Debug|Any CPU
		{ABF6A1F7-E1E6-4F93-B217-A7898397D919}.Debug|Any CPU.Build.0 = Debug|Any CPU
		{ABF6A1F7-E1E6-4F93-B217-A7898397D919}.Release|Any CPU.ActiveCfg = Release|Any CPU
		{ABF6A1F7-E1E6-4F93-B217-A7898397D919}.Release|Any CPU.Build.0 = Release|Any CPU
	EndGlobalSection
	GlobalSection(SolutionProperties) = preSolution
		HideSolutionNode = FALSE
	EndGlobalSection
	GlobalSection(NestedProjects) = preSolution
		{ABF6A1F7-E1E6-4F93-B217-A7898397D919} = {4992F875-1370-40F2-B82F-15F8238E5CB3}
	EndGlobalSection
	GlobalSection(ExtensibilityGlobals) = postSolution
		SolutionGuid = {F16E31E1-CBDD-47E7-94DD-2CFCC4B28E73}
	EndGlobalSection
EndGlobal
